
Microsoft Visual Studio Solution File, Format Version 12.00
# Visual Studio Version 17
VisualStudioVersion = 17.0.31919.166
MinimumVisualStudioVersion = 10.0.40219.1
Project("{FAE04EC0-301F-11D3-BF4B-00C04F79EFBC}") = "RPS3", "RPS3.csproj", "{D9D187FE-750A-4C34-8DEC-1DF1483B886A}"
EndProject
Global
	GlobalSection(SolutionConfigurationPlatforms) = preSolution
		Debug|Any CPU = Debug|Any CPU
		Release|Any CPU = Release|Any CPU
	EndGlobalSection
	GlobalSection(ProjectConfigurationPlatforms) = postSolution
		{D9D187FE-750A-4C34-8DEC-1DF1483B886A}.Debug|Any CPU.ActiveCfg = Debug|Any CPU
		{D9D187FE-750A-4C34-8DEC-1DF1483B886A}.Debug|Any CPU.Build.0 = Debug|Any CPU
		{D9D187FE-750A-4C34-8DEC-1DF1483B886A}.Release|Any CPU.ActiveCfg = Release|Any CPU
		{D9D187FE-750A-4C34-8DEC-1DF1483B886A}.Release|Any CPU.Build.0 = Release|Any CPU
	EndGlobalSection
	GlobalSection(SolutionProperties) = preSolution
		HideSolutionNode = FALSE
	EndGlobalSection
	GlobalSection(ExtensibilityGlobals) = postSolution
		SolutionGuid = {090CD153-6A70-473D-8F2C-321EB55CDDD7}
	EndGlobalSection
EndGlobal
